<Solution>
  <Folder Name="/src/">
    <Project Path="src/Tonarink.Cli/Tonarink.Cli.csproj" />
    <Project Path="src/Tonarink.CommandLine/Tonarink.CommandLine.csproj" />
    <Project Path="src/LocalSendDotNet.Core/LocalSendDotNet.Core.csproj" />
  </Folder>
  <Folder Name="/tests/">
    <Project Path="tests/LocalSendDotNet.Core.Tests/LocalSendDotNet.Core.Tests.csproj" />
    <Project Path="tests/LocalSendDotNet.InteropTests/LocalSendDotNet.InteropTests.csproj" />
  </Folder>
  <Folder Name="/tools/">
    <Project Path="tools/LocalSendDotNet.ApiSurface/LocalSendDotNet.ApiSurface.csproj" />
  </Folder>
</Solution>
